
Microsoft Visual Studio Solution File, Format Version 12.00
# Visual Studio Version 17
VisualStudioVersion = 17.14.36212.18 d17.14
MinimumVisualStudioVersion = 10.0.40219.1
Project("{FAE04EC0-301F-11D3-BF4B-00C04F79EFBC}") = "EFCore_CordeFirst_Prac", "EFCore_CordeFirst_Prac\EFCore_CordeFirst_Prac.csproj", "{76C0BC7B-701C-4893-9DCD-1C209F256AAE}"
EndProject
Global
	GlobalSection(SolutionConfigurationPlatforms) = preSolution
		Debug|Any CPU = Debug|Any CPU
		Release|Any CPU = Release|Any CPU
	EndGlobalSection
	GlobalSection(ProjectConfigurationPlatforms) = postSolution
		{76C0BC7B-701C-4893-9DCD-1C209F256AAE}.Debug|Any CPU.ActiveCfg = Debug|Any CPU
		{76C0BC7B-701C-4893-9DCD-1C209F256AAE}.Debug|Any CPU.Build.0 = Debug|Any CPU
		{76C0BC7B-701C-4893-9DCD-1C209F256AAE}.Release|Any CPU.ActiveCfg = Release|Any CPU
		{76C0BC7B-701C-4893-9DCD-1C209F256AAE}.Release|Any CPU.Build.0 = Release|Any CPU
	EndGlobalSection
	GlobalSection(SolutionProperties) = preSolution
		HideSolutionNode = FALSE
	EndGlobalSection
	GlobalSection(ExtensibilityGlobals) = postSolution
		SolutionGuid = {3538717A-3A0C-4D6A-832E-430E9CF3DDCA}
	EndGlobalSection
EndGlobal
